# This file is automatically @generated by Cargo.
# It is not intended for manual editing.
version = 3

[[package]]
name = "bootloader_server"
version = "0.1.0"
dependencies = [
 "slib",
]

[[package]]
name = "cse469"
version = "0.0.0"

[[package]]
name = "portable-atomic"
version = "0.3.19"
source = "registry+https://github.com/rust-lang/crates.io-index"
checksum = "26f6a7b87c2e435a3241addceeeff740ff8b7e76b74c13bf9acb17fa454ea00b"

[[package]]
name = "slib"
version = "0.1.0"
dependencies = [
 "spin",
]

[[package]]
name = "spin"
version = "0.9.5"
source = "registry+https://github.com/rust-lang/crates.io-index"
checksum = "7dccf47db1b41fa1573ed27ccf5e08e3ca771cb994f776668c5ebda893b248fc"
dependencies = [
 "portable-atomic",
]
